
Microsoft Visual Studio Solution File, Format Version 12.00
# Visual Studio Version 17
VisualStudioVersion = 17.9.34728.123
MinimumVisualStudioVersion = 10.0.40219.1
Project("{9A19103F-16F7-4668-BE54-9A1E7A4F7556}") = "DataPaintLibrary", "DataPaintLibrary\DataPaintLibrary.csproj", "{BA979EFC-3B54-49F5-B656-D86BF2BBBAF8}"
EndProject
Project("{00D1A9C2-B5F0-4AF3-8072-F6C62B433612}") = "DataPaintSql", "DataPaintSql\DataPaintSql.sqlproj", "{D7AEAC12-5A1C-46FD-A5D4-15A6914364FE}"
EndProject
Project("{9A19103F-16F7-4668-BE54-9A1E7A4F7556}") = "DataPaintLibraryTests", "DataPaintLibraryTests\DataPaintLibraryTests.csproj", "{A1B6166C-8857-4CA1-8D85-9A7E2B53903A}"
EndProject
Project("{9A19103F-16F7-4668-BE54-9A1E7A4F7556}") = "DataPaintDesktop", "DataPaintDesktop\DataPaintDesktop.csproj", "{30B28407-6DCC-40D9-88C3-671B01E1BB1E}"
EndProject
Project("{FAE04EC0-301F-11D3-BF4B-00C04F79EFBC}") = "DataPaintApp", "DataPaintApp\DataPaintApp.csproj", "{D3DD5C66-53DB-43F6-BDF9-16A3FC37F3BC}"
EndProject
Global
	GlobalSection(SolutionConfigurationPlatforms) = preSolution
		Debug|Any CPU = Debug|Any CPU
		Release|Any CPU = Release|Any CPU
	EndGlobalSection
	GlobalSection(ProjectConfigurationPlatforms) = postSolution
		{BA979EFC-3B54-49F5-B656-D86BF2BBBAF8}.Debug|Any CPU.ActiveCfg = Debug|Any CPU
		{BA979EFC-3B54-49F5-B656-D86BF2BBBAF8}.Debug|Any CPU.Build.0 = Debug|Any CPU
		{BA979EFC-3B54-49F5-B656-D86BF2BBBAF8}.Release|Any CPU.ActiveCfg = Release|Any CPU
		{BA979EFC-3B54-49F5-B656-D86BF2BBBAF8}.Release|Any CPU.Build.0 = Release|Any CPU
		{D7AEAC12-5A1C-46FD-A5D4-15A6914364FE}.Debug|Any CPU.ActiveCfg = Debug|Any CPU
		{D7AEAC12-5A1C-46FD-A5D4-15A6914364FE}.Debug|Any CPU.Build.0 = Debug|Any CPU
		{D7AEAC12-5A1C-46FD-A5D4-15A6914364FE}.Debug|Any CPU.Deploy.0 = Debug|Any CPU
		{D7AEAC12-5A1C-46FD-A5D4-15A6914364FE}.Release|Any CPU.ActiveCfg = Release|Any CPU
		{D7AEAC12-5A1C-46FD-A5D4-15A6914364FE}.Release|Any CPU.Build.0 = Release|Any CPU
		{D7AEAC12-5A1C-46FD-A5D4-15A6914364FE}.Release|Any CPU.Deploy.0 = Release|Any CPU
		{A1B6166C-8857-4CA1-8D85-9A7E2B53903A}.Debug|Any CPU.ActiveCfg = Debug|Any CPU
		{A1B6166C-8857-4CA1-8D85-9A7E2B53903A}.Debug|Any CPU.Build.0 = Debug|Any CPU
		{A1B6166C-8857-4CA1-8D85-9A7E2B53903A}.Release|Any CPU.ActiveCfg = Release|Any CPU
		{A1B6166C-8857-4CA1-8D85-9A7E2B53903A}.Release|Any CPU.Build.0 = Release|Any CPU
		{30B28407-6DCC-40D9-88C3-671B01E1BB1E}.Debug|Any CPU.ActiveCfg = Debug|Any CPU
		{30B28407-6DCC-40D9-88C3-671B01E1BB1E}.Debug|Any CPU.Build.0 = Debug|Any CPU
		{30B28407-6DCC-40D9-88C3-671B01E1BB1E}.Release|Any CPU.ActiveCfg = Release|Any CPU
		{30B28407-6DCC-40D9-88C3-671B01E1BB1E}.Release|Any CPU.Build.0 = Release|Any CPU
		{D3DD5C66-53DB-43F6-BDF9-16A3FC37F3BC}.Debug|Any CPU.ActiveCfg = Debug|Any CPU
		{D3DD5C66-53DB-43F6-BDF9-16A3FC37F3BC}.Debug|Any CPU.Build.0 = Debug|Any CPU
		{D3DD5C66-53DB-43F6-BDF9-16A3FC37F3BC}.Release|Any CPU.ActiveCfg = Release|Any CPU
		{D3DD5C66-53DB-43F6-BDF9-16A3FC37F3BC}.Release|Any CPU.Build.0 = Release|Any CPU
	EndGlobalSection
	GlobalSection(SolutionProperties) = preSolution
		HideSolutionNode = FALSE
	EndGlobalSection
	GlobalSection(ExtensibilityGlobals) = postSolution
		SolutionGuid = {4A89CF85-CBDD-4EF4-98E4-73B8C2F4F0DB}
	EndGlobalSection
EndGlobal
